
Microsoft Visual Studio Solution File, Format Version 12.00
# Visual Studio 2012
Project("{8BC9CEB8-8B4A-11D0-8D11-00A0C91BC942}") = "MultiTextureDemo", "MultiTextureDemo\MultiTextureDemo.vcxproj", "{49DB4F86-4261-4E9C-BC72-615144C8C518}"
EndProject
Global
	GlobalSection(SolutionConfigurationPlatforms) = preSolution
		Debug|Win32 = Debug|Win32
		Release|Win32 = Release|Win32
	EndGlobalSection
	GlobalSection(ProjectConfigurationPlatforms) = postSolution
		{49DB4F86-4261-4E9C-BC72-615144C8C518}.Debug|Win32.ActiveCfg = Debug|Win32
		{49DB4F86-4261-4E9C-BC72-615144C8C518}.Debug|Win32.Build.0 = Debug|Win32
		{49DB4F86-4261-4E9C-BC72-615144C8C518}.Release|Win32.ActiveCfg = Release|Win32
		{49DB4F86-4261-4E9C-BC72-615144C8C518}.Release|Win32.Build.0 = Release|Win32
	EndGlobalSection
	GlobalSection(SolutionProperties) = preSolution
		HideSolutionNode = FALSE
	EndGlobalSection
EndGlobal
