
Microsoft Visual Studio Solution File, Format Version 12.00
# Visual Studio 2012
Project("{8BC9CEB8-8B4A-11D0-8D11-00A0C91BC942}") = "CubeDemo", "CubeDemo\CubeDemo.vcxproj", "{26AB8205-D6F7-4F89-B413-B20A48456B70}"
EndProject
Global
	GlobalSection(SolutionConfigurationPlatforms) = preSolution
		Debug|Win32 = Debug|Win32
		Release|Win32 = Release|Win32
	EndGlobalSection
	GlobalSection(ProjectConfigurationPlatforms) = postSolution
		{26AB8205-D6F7-4F89-B413-B20A48456B70}.Debug|Win32.ActiveCfg = Debug|Win32
		{26AB8205-D6F7-4F89-B413-B20A48456B70}.Debug|Win32.Build.0 = Debug|Win32
		{26AB8205-D6F7-4F89-B413-B20A48456B70}.Release|Win32.ActiveCfg = Release|Win32
		{26AB8205-D6F7-4F89-B413-B20A48456B70}.Release|Win32.Build.0 = Release|Win32
	EndGlobalSection
	GlobalSection(SolutionProperties) = preSolution
		HideSolutionNode = FALSE
	EndGlobalSection
EndGlobal
