
Microsoft Visual Studio Solution File, Format Version 12.00
# Visual Studio 2012
Project("{8BC9CEB8-8B4A-11D0-8D11-00A0C91BC942}") = "Demo", "Demo\Demo.vcxproj", "{FDB32DAD-9E3B-4EA0-A83F-F483F35AA298}"
EndProject
Global
	GlobalSection(SolutionConfigurationPlatforms) = preSolution
		Debug|Win32 = Debug|Win32
		Release|Win32 = Release|Win32
	EndGlobalSection
	GlobalSection(ProjectConfigurationPlatforms) = postSolution
		{FDB32DAD-9E3B-4EA0-A83F-F483F35AA298}.Debug|Win32.ActiveCfg = Debug|Win32
		{FDB32DAD-9E3B-4EA0-A83F-F483F35AA298}.Debug|Win32.Build.0 = Debug|Win32
		{FDB32DAD-9E3B-4EA0-A83F-F483F35AA298}.Release|Win32.ActiveCfg = Release|Win32
		{FDB32DAD-9E3B-4EA0-A83F-F483F35AA298}.Release|Win32.Build.0 = Release|Win32
	EndGlobalSection
	GlobalSection(SolutionProperties) = preSolution
		HideSolutionNode = FALSE
	EndGlobalSection
EndGlobal
